// !$*UTF8*$!
{
	archiveVersion = 1;
	classes = {
	};
	objectVersion = 50;
	objects = {

/* Begin PBXBuildFile section */
		227D00C2F0869E949B010005 /* Pods_GablestoneIOS.framework in Frameworks */ = {isa = PBXBuildFile; fileRef = 83FCD6EAEDFFA1B6CD8B4458 /* Pods_GablestoneIOS.framework */; };
		9913F0A02089E88100FF375B /* ContainerViewController.swift in Sources */ = {isa = PBXBuildFile; fileRef = 9913F09F2089E88100FF375B /* ContainerViewController.swift */; };
		9913F0A42089F7EF00FF375B /* DetailViewController.swift in Sources */ = {isa = PBXBuildFile; fileRef = 9913F0A32089F7EF00FF375B /* DetailViewController.swift */; };
		9914C987208880F300BA555E /* AppDelegate.swift in Sources */ = {isa = PBXBuildFile; fileRef = 9914C986208880F300BA555E /* AppDelegate.swift */; };
		9914C989208880F300BA555E /* SelectTourViewController.swift in Sources */ = {isa = PBXBuildFile; fileRef = 9914C988208880F300BA555E /* SelectTourViewController.swift */; };
		9914C98C208880F300BA555E /* Main.storyboard in Resources */ = {isa = PBXBuildFile; fileRef = 9914C98A208880F300BA555E /* Main.storyboard */; };
		9914C98E208880F400BA555E /* Assets.xcassets in Resources */ = {isa = PBXBuildFile; fileRef = 9914C98D208880F400BA555E /* Assets.xcassets */; };
		9914C991208880F400BA555E /* LaunchScreen.storyboard in Resources */ = {isa = PBXBuildFile; fileRef = 9914C98F208880F400BA555E /* LaunchScreen.storyboard */; };
		9914C99E2088A44500BA555E /* TourTableViewController.swift in Sources */ = {isa = PBXBuildFile; fileRef = 9914C99C2088A44500BA555E /* TourTableViewController.swift */; };
		9914C99F2088A44500BA555E /* TourTableViewController.xib in Resources */ = {isa = PBXBuildFile; fileRef = 9914C99D2088A44500BA555E /* TourTableViewController.xib */; };
		9914C9A42088AC7B00BA555E /* Tour.swift in Sources */ = {isa = PBXBuildFile; fileRef = 9914C9A32088AC7B00BA555E /* Tour.swift */; };
		9914C9A62088AFA600BA555E /* Stone.swift in Sources */ = {isa = PBXBuildFile; fileRef = 9914C9A52088AFA600BA555E /* Stone.swift */; };
		9914C9AA2088BCF100BA555E /* TourTableViewCell.swift in Sources */ = {isa = PBXBuildFile; fileRef = 9914C9A82088BCF100BA555E /* TourTableViewCell.swift */; };
		9914C9AB2088BCF100BA555E /* TourTableViewCell.xib in Resources */ = {isa = PBXBuildFile; fileRef = 9914C9A92088BCF100BA555E /* TourTableViewCell.xib */; };
/* End PBXBuildFile section */

/* Begin PBXFileReference section */
		83FCD6EAEDFFA1B6CD8B4458 /* Pods_GablestoneIOS.framework */ = {isa = PBXFileReference; explicitFileType = wrapper.framework; includeInIndex = 0; path = Pods_GablestoneIOS.framework; sourceTree = BUILT_PRODUCTS_DIR; };
		9913F09F2089E88100FF375B /* ContainerViewController.swift */ = {isa = PBXFileReference; lastKnownFileType = sourcecode.swift; path = ContainerViewController.swift; sourceTree = "<group>"; };
		9913F0A32089F7EF00FF375B /* DetailViewController.swift */ = {isa = PBXFileReference; lastKnownFileType = sourcecode.swift; path = DetailViewController.swift; sourceTree = "<group>"; };
		9914C983208880F300BA555E /* GablestoneIOS.app */ = {isa = PBXFileReference; explicitFileType = wrapper.application; includeInIndex = 0; path = GablestoneIOS.app; sourceTree = BUILT_PRODUCTS_DIR; };
		9914C986208880F300BA555E /* AppDelegate.swift */ = {isa = PBXFileReference; lastKnownFileType = sourcecode.swift; path = AppDelegate.swift; sourceTree = "<group>"; };
		9914C988208880F300BA555E /* SelectTourViewController.swift */ = {isa = PBXFileReference; lastKnownFileType = sourcecode.swift; path = SelectTourViewController.swift; sourceTree = "<group>"; };
		9914C98B208880F300BA555E /* Base */ = {isa = PBXFileReference; lastKnownFileType = file.storyboard; name = Base; path = Base.lproj/Main.storyboard; sourceTree = "<group>"; };
		9914C98D208880F400BA555E /* Assets.xcassets */ = {isa = PBXFileReference; lastKnownFileType = folder.assetcatalog; path = Assets.xcassets; sourceTree = "<group>"; };
		9914C990208880F400BA555E /* Base */ = {isa = PBXFileReference; lastKnownFileType = file.storyboard; name = Base; path = Base.lproj/LaunchScreen.storyboard; sourceTree = "<group>"; };
		9914C992208880F400BA555E /* Info.plist */ = {isa = PBXFileReference; lastKnownFileType = text.plist.xml; path = Info.plist; sourceTree = "<group>"; };
		9914C99C2088A44500BA555E /* TourTableViewController.swift */ = {isa = PBXFileReference; lastKnownFileType = sourcecode.swift; path = TourTableViewController.swift; sourceTree = "<group>"; };
		9914C99D2088A44500BA555E /* TourTableViewController.xib */ = {isa = PBXFileReference; lastKnownFileType = file.xib; path = TourTableViewController.xib; sourceTree = "<group>"; };
		9914C9A32088AC7B00BA555E /* Tour.swift */ = {isa = PBXFileReference; lastKnownFileType = sourcecode.swift; path = Tour.swift; sourceTree = "<group>"; };
		9914C9A52088AFA600BA555E /* Stone.swift */ = {isa = PBXFileReference; lastKnownFileType = sourcecode.swift; path = Stone.swift; sourceTree = "<group>"; };
		9914C9A82088BCF100BA555E /* TourTableViewCell.swift */ = {isa = PBXFileReference; lastKnownFileType = sourcecode.swift; path = TourTableViewCell.swift; sourceTree = "<group>"; };
		9914C9A92088BCF100BA555E /* TourTableViewCell.xib */ = {isa = PBXFileReference; lastKnownFileType = file.xib; path = TourTableViewCell.xib; sourceTree = "<group>"; };
		D4DDC63B30F35FC73B17DE1B /* Pods-GablestoneIOS.release.xcconfig */ = {isa = PBXFileReference; includeInIndex = 1; lastKnownFileType = text.xcconfig; name = "Pods-GablestoneIOS.release.xcconfig"; path = "Pods/Target Support Files/Pods-GablestoneIOS/Pods-GablestoneIOS.release.xcconfig"; sourceTree = "<group>"; };
		EC5308597B7E55F954C977F1 /* Pods-GablestoneIOS.debug.xcconfig */ = {isa = PBXFileReference; includeInIndex = 1; lastKnownFileType = text.xcconfig; name = "Pods-GablestoneIOS.debug.xcconfig"; path = "Pods/Target Support Files/Pods-GablestoneIOS/Pods-GablestoneIOS.debug.xcconfig"; sourceTree = "<group>"; };
/* End PBXFileReference section */

/* Begin PBXFrameworksBuildPhase section */
		9914C980208880F300BA555E /* Frameworks */ = {
			isa = PBXFrameworksBuildPhase;
			buildActionMask = 2147483647;
			files = (
				227D00C2F0869E949B010005 /* Pods_GablestoneIOS.framework in Frameworks */,
			);
			runOnlyForDeploymentPostprocessing = 0;
		};
/* End PBXFrameworksBuildPhase section */

/* Begin PBXGroup section */
		9914C97A208880F300BA555E = {
			isa = PBXGroup;
			children = (
				9914C985208880F300BA555E /* GablestoneIOS */,
				9914C984208880F300BA555E /* Products */,
				A7E4761E416883FF1B116CA5 /* Pods */,
				C825FC07C2984B5D486FB962 /* Frameworks */,
			);
			sourceTree = "<group>";
		};
		9914C984208880F300BA555E /* Products */ = {
			isa = PBXGroup;
			children = (
				9914C983208880F300BA555E /* GablestoneIOS.app */,
			);
			name = Products;
			sourceTree = "<group>";
		};
		9914C985208880F300BA555E /* GablestoneIOS */ = {
			isa = PBXGroup;
			children = (
				9914C986208880F300BA555E /* AppDelegate.swift */,
				9914C9A22088AC5100BA555E /* Views */,
				9914C9A12088AC4700BA555E /* Data Model */,
				9914C9A02088AC2400BA555E /* Controllers */,
				9914C98D208880F400BA555E /* Assets.xcassets */,
				9914C98F208880F400BA555E /* LaunchScreen.storyboard */,
				9914C992208880F400BA555E /* Info.plist */,
			);
			path = GablestoneIOS;
			sourceTree = "<group>";
		};
		9914C9A02088AC2400BA555E /* Controllers */ = {
			isa = PBXGroup;
			children = (
				9914C988208880F300BA555E /* SelectTourViewController.swift */,
				9913F09F2089E88100FF375B /* ContainerViewController.swift */,
				9914C99C2088A44500BA555E /* TourTableViewController.swift */,
				9913F0A32089F7EF00FF375B /* DetailViewController.swift */,
				9914C99D2088A44500BA555E /* TourTableViewController.xib */,
			);
			path = Controllers;
			sourceTree = "<group>";
		};
		9914C9A12088AC4700BA555E /* Data Model */ = {
			isa = PBXGroup;
			children = (
				9914C9A32088AC7B00BA555E /* Tour.swift */,
				9914C9A52088AFA600BA555E /* Stone.swift */,
			);
			path = "Data Model";
			sourceTree = "<group>";
		};
		9914C9A22088AC5100BA555E /* Views */ = {
			isa = PBXGroup;
			children = (
				9914C98A208880F300BA555E /* Main.storyboard */,
				9914C9A72088BBAA00BA555E /* Custom TableCell */,
			);
			path = Views;
			sourceTree = "<group>";
		};
		9914C9A72088BBAA00BA555E /* Custom TableCell */ = {
			isa = PBXGroup;
			children = (
				9914C9A82088BCF100BA555E /* TourTableViewCell.swift */,
				9914C9A92088BCF100BA555E /* TourTableViewCell.xib */,
			);
			path = "Custom TableCell";
			sourceTree = "<group>";
		};
		A7E4761E416883FF1B116CA5 /* Pods */ = {
			isa = PBXGroup;
			children = (
				EC5308597B7E55F954C977F1 /* Pods-GablestoneIOS.debug.xcconfig */,
				D4DDC63B30F35FC73B17DE1B /* Pods-GablestoneIOS.release.xcconfig */,
			);
			name = Pods;
			sourceTree = "<group>";
		};
		C825FC07C2984B5D486FB962 /* Frameworks */ = {
			isa = PBXGroup;
			children = (
				83FCD6EAEDFFA1B6CD8B4458 /* Pods_GablestoneIOS.framework */,
			);
			name = Frameworks;
			sourceTree = "<group>";
		};
/* End PBXGroup section */

/* Begin PBXNativeTarget section */
		9914C982208880F300BA555E /* GablestoneIOS */ = {
			isa = PBXNativeTarget;
			buildConfigurationList = 9914C995208880F400BA555E /* Build configuration list for PBXNativeTarget "GablestoneIOS" */;
			buildPhases = (
				B8B5AC96B1182709D5E85A26 /* [CP] Check Pods Manifest.lock */,
				9914C97F208880F300BA555E /* Sources */,
				9914C980208880F300BA555E /* Frameworks */,
				9914C981208880F300BA555E /* Resources */,
				72AEDE2C9B5FF18ECB75F2C2 /* [CP] Embed Pods Frameworks */,
				F43D461889470FE9C88A8108 /* [CP] Copy Pods Resources */,
			);
			buildRules = (
			);
			dependencies = (
			);
			name = GablestoneIOS;
			productName = GablestoneIOS;
			productReference = 9914C983208880F300BA555E /* GablestoneIOS.app */;
			productType = "com.apple.product-type.application";
		};
/* End PBXNativeTarget section */

/* Begin PBXProject section */
		9914C97B208880F300BA555E /* Project object */ = {
			isa = PBXProject;
			attributes = {
				LastSwiftUpdateCheck = 0930;
				LastUpgradeCheck = 0930;
				ORGANIZATIONNAME = aleaf;
				TargetAttributes = {
					9914C982208880F300BA555E = {
						CreatedOnToolsVersion = 9.3;
					};
				};
			};
			buildConfigurationList = 9914C97E208880F300BA555E /* Build configuration list for PBXProject "GablestoneIOS" */;
			compatibilityVersion = "Xcode 9.3";
			developmentRegion = en;
			hasScannedForEncodings = 0;
			knownRegions = (
				en,
				Base,
			);
			mainGroup = 9914C97A208880F300BA555E;
			productRefGroup = 9914C984208880F300BA555E /* Products */;
			projectDirPath = "";
			projectRoot = "";
			targets = (
				9914C982208880F300BA555E /* GablestoneIOS */,
			);
		};
/* End PBXProject section */

/* Begin PBXResourcesBuildPhase section */
		9914C981208880F300BA555E /* Resources */ = {
			isa = PBXResourcesBuildPhase;
			buildActionMask = 2147483647;
			files = (
				9914C991208880F400BA555E /* LaunchScreen.storyboard in Resources */,
				9914C99F2088A44500BA555E /* TourTableViewController.xib in Resources */,
				9914C98E208880F400BA555E /* Assets.xcassets in Resources */,
				9914C9AB2088BCF100BA555E /* TourTableViewCell.xib in Resources */,
				9914C98C208880F300BA555E /* Main.storyboard in Resources */,
			);
			runOnlyForDeploymentPostprocessing = 0;
		};
/* End PBXResourcesBuildPhase section */

/* Begin PBXShellScriptBuildPhase section */
		72AEDE2C9B5FF18ECB75F2C2 /* [CP] Embed Pods Frameworks */ = {
			isa = PBXShellScriptBuildPhase;
			buildActionMask = 2147483647;
			files = (
			);
			inputPaths = (
				"${SRCROOT}/Pods/Target Support Files/Pods-GablestoneIOS/Pods-GablestoneIOS-frameworks.sh",
				"${BUILT_PRODUCTS_DIR}/Realm/Realm.framework",
				"${BUILT_PRODUCTS_DIR}/RealmSwift/RealmSwift.framework",
			);
			name = "[CP] Embed Pods Frameworks";
			outputPaths = (
				"${TARGET_BUILD_DIR}/${FRAMEWORKS_FOLDER_PATH}/Realm.framework",
				"${TARGET_BUILD_DIR}/${FRAMEWORKS_FOLDER_PATH}/RealmSwift.framework",
			);
			runOnlyForDeploymentPostprocessing = 0;
			shellPath = /bin/sh;
			shellScript = "\"${SRCROOT}/Pods/Target Support Files/Pods-GablestoneIOS/Pods-GablestoneIOS-frameworks.sh\"\n";
			showEnvVarsInLog = 0;
		};
		B8B5AC96B1182709D5E85A26 /* [CP] Check Pods Manifest.lock */ = {
			isa = PBXShellScriptBuildPhase;
			buildActionMask = 2147483647;
			files = (
			);
			inputPaths = (
				"${PODS_PODFILE_DIR_PATH}/Podfile.lock",
				"${PODS_ROOT}/Manifest.lock",
			);
			name = "[CP] Check Pods Manifest.lock";
			outputPaths = (
				"$(DERIVED_FILE_DIR)/Pods-GablestoneIOS-checkManifestLockResult.txt",
			);
			runOnlyForDeploymentPostprocessing = 0;
			shellPath = /bin/sh;
			shellScript = "diff \"${PODS_PODFILE_DIR_PATH}/Podfile.lock\" \"${PODS_ROOT}/Manifest.lock\" > /dev/null\nif [ $? != 0 ] ; then\n    # print error to STDERR\n    echo \"error: The sandbox is not in sync with the Podfile.lock. Run 'pod install' or update your CocoaPods installation.\" >&2\n    exit 1\nfi\n# This output is used by Xcode 'outputs' to avoid re-running this script phase.\necho \"SUCCESS\" > \"${SCRIPT_OUTPUT_FILE_0}\"\n";
			showEnvVarsInLog = 0;
		};
		F43D461889470FE9C88A8108 /* [CP] Copy Pods Resources */ = {
			isa = PBXShellScriptBuildPhase;
			buildActionMask = 2147483647;
			files = (
			);
			inputPaths = (
			);
			name = "[CP] Copy Pods Resources";
			outputPaths = (
			);
			runOnlyForDeploymentPostprocessing = 0;
			shellPath = /bin/sh;
			shellScript = "\"${SRCROOT}/Pods/Target Support Files/Pods-GablestoneIOS/Pods-GablestoneIOS-resources.sh\"\n";
			showEnvVarsInLog = 0;
		};
/* End PBXShellScriptBuildPhase section */

/* Begin PBXSourcesBuildPhase section */
		9914C97F208880F300BA555E /* Sources */ = {
			isa = PBXSourcesBuildPhase;
			buildActionMask = 2147483647;
			files = (
				9914C9A62088AFA600BA555E /* Stone.swift in Sources */,
				9914C989208880F300BA555E /* SelectTourViewController.swift in Sources */,
				9913F0A02089E88100FF375B /* ContainerViewController.swift in Sources */,
				9914C9A42088AC7B00BA555E /* Tour.swift in Sources */,
				9914C9AA2088BCF100BA555E /* TourTableViewCell.swift in Sources */,
				9914C99E2088A44500BA555E /* TourTableViewController.swift in Sources */,
				9914C987208880F300BA555E /* AppDelegate.swift in Sources */,
				9913F0A42089F7EF00FF375B /* DetailViewController.swift in Sources */,
			);
			runOnlyForDeploymentPostprocessing = 0;
		};
/* End PBXSourcesBuildPhase section */

/* Begin PBXVariantGroup section */
		9914C98A208880F300BA555E /* Main.storyboard */ = {
			isa = PBXVariantGroup;
			children = (
				9914C98B208880F300BA555E /* Base */,
			);
			name = Main.storyboard;
			sourceTree = "<group>";
		};
		9914C98F208880F400BA555E /* LaunchScreen.storyboard */ = {
			isa = PBXVariantGroup;
			children = (
				9914C990208880F400BA555E /* Base */,
			);
			name = LaunchScreen.storyboard;
			sourceTree = "<group>";
		};
/* End PBXVariantGroup section */

/* Begin XCBuildConfiguration section */
		9914C993208880F400BA555E /* Debug */ = {
			isa = XCBuildConfiguration;
			buildSettings = {
				ALWAYS_SEARCH_USER_PATHS = NO;
				CLANG_ANALYZER_NONNULL = YES;
				CLANG_ANALYZER_NUMBER_OBJECT_CONVERSION = YES_AGGRESSIVE;
				CLANG_CXX_LANGUAGE_STANDARD = "gnu++14";
				CLANG_CXX_LIBRARY = "libc++";
				CLANG_ENABLE_MODULES = YES;
				CLANG_ENABLE_OBJC_ARC = YES;
				CLANG_ENABLE_OBJC_WEAK = YES;
				CLANG_WARN_BLOCK_CAPTURE_AUTORELEASING = YES;
				CLANG_WARN_BOOL_CONVERSION = YES;
				CLANG_WARN_COMMA = YES;
				CLANG_WARN_CONSTANT_CONVERSION = YES;
				CLANG_WARN_DEPRECATED_OBJC_IMPLEMENTATIONS = YES;
				CLANG_WARN_DIRECT_OBJC_ISA_USAGE = YES_ERROR;
				CLANG_WARN_DOCUMENTATION_COMMENTS = YES;
				CLANG_WARN_EMPTY_BODY = YES;
				CLANG_WARN_ENUM_CONVERSION = YES;
				CLANG_WARN_INFINITE_RECURSION = YES;
				CLANG_WARN_INT_CONVERSION = YES;
				CLANG_WARN_NON_LITERAL_NULL_CONVERSION = YES;
				CLANG_WARN_OBJC_IMPLICIT_RETAIN_SELF = YES;
				CLANG_WARN_OBJC_LITERAL_CONVERSION = YES;
				CLANG_WARN_OBJC_ROOT_CLASS = YES_ERROR;
				CLANG_WARN_RANGE_LOOP_ANALYSIS = YES;
				CLANG_WARN_STRICT_PROTOTYPES = YES;
				CLANG_WARN_SUSPICIOUS_MOVE = YES;
				CLANG_WARN_UNGUARDED_AVAILABILITY = YES_AGGRESSIVE;
				CLANG_WARN_UNREACHABLE_CODE = YES;
				CLANG_WARN__DUPLICATE_METHOD_MATCH = YES;
				CODE_SIGN_IDENTITY = "iPhone Developer";
				COPY_PHASE_STRIP = NO;
				DEBUG_INFORMATION_FORMAT = dwarf;
				ENABLE_STRICT_OBJC_MSGSEND = YES;
				ENABLE_TESTABILITY = YES;
				GCC_C_LANGUAGE_STANDARD = gnu11;
				GCC_DYNAMIC_NO_PIC = NO;
				GCC_NO_COMMON_BLOCKS = YES;
				GCC_OPTIMIZATION_LEVEL = 0;
				GCC_PREPROCESSOR_DEFINITIONS = (
					"DEBUG=1",
					"$(inherited)",
				);
				GCC_WARN_64_TO_32_BIT_CONVERSION = YES;
				GCC_WARN_ABOUT_RETURN_TYPE = YES_ERROR;
				GCC_WARN_UNDECLARED_SELECTOR = YES;
				GCC_WARN_UNINITIALIZED_AUTOS = YES_AGGRESSIVE;
				GCC_WARN_UNUSED_FUNCTION = YES;
				GCC_WARN_UNUSED_VARIABLE = YES;
				IPHONEOS_DEPLOYMENT_TARGET = 11.3;
				MTL_ENABLE_DEBUG_INFO = YES;
				ONLY_ACTIVE_ARCH = YES;
				SDKROOT = iphoneos;
				SWIFT_ACTIVE_COMPILATION_CONDITIONS = DEBUG;
				SWIFT_OPTIMIZATION_LEVEL = "-Onone";
			};
			name = Debug;
		};
		9914C994208880F400BA555E /* Release */ = {
			isa = XCBuildConfiguration;
			buildSettings = {
				ALWAYS_SEARCH_USER_PATHS = NO;
				CLANG_ANALYZER_NONNULL = YES;
				CLANG_ANALYZER_NUMBER_OBJECT_CONVERSION = YES_AGGRESSIVE;
				CLANG_CXX_LANGUAGE_STANDARD = "gnu++14";
				CLANG_CXX_LIBRARY = "libc++";
				CLANG_ENABLE_MODULES = YES;
				CLANG_ENABLE_OBJC_ARC = YES;
				CLANG_ENABLE_OBJC_WEAK = YES;
				CLANG_WARN_BLOCK_CAPTURE_AUTORELEASING = YES;
				CLANG_WARN_BOOL_CONVERSION = YES;
				CLANG_WARN_COMMA = YES;
				CLANG_WARN_CONSTANT_CONVERSION = YES;
				CLANG_WARN_DEPRECATED_OBJC_IMPLEMENTATIONS = YES;
				CLANG_WARN_DIRECT_OBJC_ISA_USAGE = YES_ERROR;
				CLANG_WARN_DOCUMENTATION_COMMENTS = YES;
				CLANG_WARN_EMPTY_BODY = YES;
				CLANG_WARN_ENUM_CONVERSION = YES;
				CLANG_WARN_INFINITE_RECURSION = YES;
				CLANG_WARN_INT_CONVERSION = YES;
				CLANG_WARN_NON_LITERAL_NULL_CONVERSION = YES;
				CLANG_WARN_OBJC_IMPLICIT_RETAIN_SELF = YES;
				CLANG_WARN_OBJC_LITERAL_CONVERSION = YES;
				CLANG_WARN_OBJC_ROOT_CLASS = YES_ERROR;
				CLANG_WARN_RANGE_LOOP_ANALYSIS = YES;
				CLANG_WARN_STRICT_PROTOTYPES = YES;
				CLANG_WARN_SUSPICIOUS_MOVE = YES;
				CLANG_WARN_UNGUARDED_AVAILABILITY = YES_AGGRESSIVE;
				CLANG_WARN_UNREACHABLE_CODE = YES;
				CLANG_WARN__DUPLICATE_METHOD_MATCH = YES;
				CODE_SIGN_IDENTITY = "iPhone Developer";
				COPY_PHASE_STRIP = NO;
				DEBUG_INFORMATION_FORMAT = "dwarf-with-dsym";
				ENABLE_NS_ASSERTIONS = NO;
				ENABLE_STRICT_OBJC_MSGSEND = YES;
				GCC_C_LANGUAGE_STANDARD = gnu11;
				GCC_NO_COMMON_BLOCKS = YES;
				GCC_WARN_64_TO_32_BIT_CONVERSION = YES;
				GCC_WARN_ABOUT_RETURN_TYPE = YES_ERROR;
				GCC_WARN_UNDECLARED_SELECTOR = YES;
				GCC_WARN_UNINITIALIZED_AUTOS = YES_AGGRESSIVE;
				GCC_WARN_UNUSED_FUNCTION = YES;
				GCC_WARN_UNUSED_VARIABLE = YES;
				IPHONEOS_DEPLOYMENT_TARGET = 11.3;
				MTL_ENABLE_DEBUG_INFO = NO;
				SDKROOT = iphoneos;
				SWIFT_COMPILATION_MODE = wholemodule;
				SWIFT_OPTIMIZATION_LEVEL = "-O";
				VALIDATE_PRODUCT = YES;
			};
			name = Release;
		};
		9914C996208880F400BA555E /* Debug */ = {
			isa = XCBuildConfiguration;
			baseConfigurationReference = EC5308597B7E55F954C977F1 /* Pods-GablestoneIOS.debug.xcconfig */;
			buildSettings = {
				ASSETCATALOG_COMPILER_APPICON_NAME = AppIcon;
				CODE_SIGN_STYLE = Automatic;
				DEVELOPMENT_TEAM = GFR6K6H3Q2;
				INFOPLIST_FILE = GablestoneIOS/Info.plist;
				LD_RUNPATH_SEARCH_PATHS = (
					"$(inherited)",
					"@executable_path/Frameworks",
				);
				PRODUCT_BUNDLE_IDENTIFIER = nl.aleaf.GablestoneIOS;
				PRODUCT_NAME = "$(TARGET_NAME)";
				SWIFT_VERSION = 4.0;
				TARGETED_DEVICE_FAMILY = "1,2";
			};
			name = Debug;
		};
		9914C997208880F400BA555E /* Release */ = {
			isa = XCBuildConfiguration;
			baseConfigurationReference = D4DDC63B30F35FC73B17DE1B /* Pods-GablestoneIOS.release.xcconfig */;
			buildSettings = {
				ASSETCATALOG_COMPILER_APPICON_NAME = AppIcon;
				CODE_SIGN_STYLE = Automatic;
				DEVELOPMENT_TEAM = GFR6K6H3Q2;
				INFOPLIST_FILE = GablestoneIOS/Info.plist;
				LD_RUNPATH_SEARCH_PATHS = (
					"$(inherited)",
					"@executable_path/Frameworks",
				);
				PRODUCT_BUNDLE_IDENTIFIER = nl.aleaf.GablestoneIOS;
				PRODUCT_NAME = "$(TARGET_NAME)";
				SWIFT_VERSION = 4.0;
				TARGETED_DEVICE_FAMILY = "1,2";
			};
			name = Release;
		};
/* End XCBuildConfiguration section */

/* Begin XCConfigurationList section */
		9914C97E208880F300BA555E /* Build configuration list for PBXProject "GablestoneIOS" */ = {
			isa = XCConfigurationList;
			buildConfigurations = (
				9914C993208880F400BA555E /* Debug */,
				9914C994208880F400BA555E /* Release */,
			);
			defaultConfigurationIsVisible = 0;
			defaultConfigurationName = Release;
		};
		9914C995208880F400BA555E /* Build configuration list for PBXNativeTarget "GablestoneIOS" */ = {
			isa = XCConfigurationList;
			buildConfigurations = (
				9914C996208880F400BA555E /* Debug */,
				9914C997208880F400BA555E /* Release */,
			);
			defaultConfigurationIsVisible = 0;
			defaultConfigurationName = Release;
		};
/* End XCConfigurationList section */
	};
	rootObject = 9914C97B208880F300BA555E /* Project object */;
}
